
Microsoft Visual Studio Solution File, Format Version 12.00
# Visual Studio Version 17
VisualStudioVersion = 17.5.002.0
MinimumVisualStudioVersion = 10.0.40219.1
Project("{9A19103F-16F7-4668-BE54-9A1E7A4F7556}") = "kthLargestElement", "kthLargestElement.csproj", "{99EE54F5-B8D7-4479-97AD-9762225F39DB}"
EndProject
Global
	GlobalSection(SolutionConfigurationPlatforms) = preSolution
		Debug|Any CPU = Debug|Any CPU
		Release|Any CPU = Release|Any CPU
	EndGlobalSection
	GlobalSection(ProjectConfigurationPlatforms) = postSolution
		{99EE54F5-B8D7-4479-97AD-9762225F39DB}.Debug|Any CPU.ActiveCfg = Debug|Any CPU
		{99EE54F5-B8D7-4479-97AD-9762225F39DB}.Debug|Any CPU.Build.0 = Debug|Any CPU
		{99EE54F5-B8D7-4479-97AD-9762225F39DB}.Release|Any CPU.ActiveCfg = Release|Any CPU
		{99EE54F5-B8D7-4479-97AD-9762225F39DB}.Release|Any CPU.Build.0 = Release|Any CPU
	EndGlobalSection
	GlobalSection(SolutionProperties) = preSolution
		HideSolutionNode = FALSE
	EndGlobalSection
	GlobalSection(ExtensibilityGlobals) = postSolution
		SolutionGuid = {0AADB4A4-79E8-4CE4-867C-2167CD5B6754}
	EndGlobalSection
EndGlobal
